
Microsoft Visual Studio Solution File, Format Version 12.00
# Visual Studio 15
VisualStudioVersion = 15.0.28307.329
MinimumVisualStudioVersion = 10.0.40219.1
Project("{FAE04EC0-301F-11D3-BF4B-00C04F79EFBC}") = "Team Leader", "Team Leader\Team Leader.csproj", "{4A2D95CF-2731-49AC-8B7A-098B84B68CF4}"
EndProject
Global
	GlobalSection(SolutionConfigurationPlatforms) = preSolution
		Debug|Any CPU = Debug|Any CPU
		Release|Any CPU = Release|Any CPU
	EndGlobalSection
	GlobalSection(ProjectConfigurationPlatforms) = postSolution
		{4A2D95CF-2731-49AC-8B7A-098B84B68CF4}.Debug|Any CPU.ActiveCfg = Debug|Any CPU
		{4A2D95CF-2731-49AC-8B7A-098B84B68CF4}.Debug|Any CPU.Build.0 = Debug|Any CPU
		{4A2D95CF-2731-49AC-8B7A-098B84B68CF4}.Release|Any CPU.ActiveCfg = Release|Any CPU
		{4A2D95CF-2731-49AC-8B7A-098B84B68CF4}.Release|Any CPU.Build.0 = Release|Any CPU
	EndGlobalSection
	GlobalSection(SolutionProperties) = preSolution
		HideSolutionNode = FALSE
	EndGlobalSection
	GlobalSection(ExtensibilityGlobals) = postSolution
		SolutionGuid = {F401B836-D433-4146-99BC-1BD5473828A4}
	EndGlobalSection
EndGlobal
